// !$*UTF8*$!
{
	archiveVersion = 1;
	classes = {
	};
	objectVersion = 50;
	objects = {

/* Begin PBXBuildFile section */
		1A12B17122E641F300DA77FB /* AppDelegate.swift in Sources */ = {isa = PBXBuildFile; fileRef = 1A12B17022E641F300DA77FB /* AppDelegate.swift */; };
		1A12B17322E641F300DA77FB /* ViewController.swift in Sources */ = {isa = PBXBuildFile; fileRef = 1A12B17222E641F300DA77FB /* ViewController.swift */; };
		1A12B17622E641F300DA77FB /* Main.storyboard in Resources */ = {isa = PBXBuildFile; fileRef = 1A12B17422E641F300DA77FB /* Main.storyboard */; };
		1A12B17822E641F400DA77FB /* Assets.xcassets in Resources */ = {isa = PBXBuildFile; fileRef = 1A12B17722E641F400DA77FB /* Assets.xcassets */; };
		1A12B17B22E641F400DA77FB /* LaunchScreen.storyboard in Resources */ = {isa = PBXBuildFile; fileRef = 1A12B17922E641F400DA77FB /* LaunchScreen.storyboard */; };
		1A12B18922E6444E00DA77FB /* SongFinder.storyboard in Resources */ = {isa = PBXBuildFile; fileRef = 1A12B18822E6444E00DA77FB /* SongFinder.storyboard */; };
		1A12B18B22E646AE00DA77FB /* SongFinderViewController.swift in Sources */ = {isa = PBXBuildFile; fileRef = 1A12B18A22E646AE00DA77FB /* SongFinderViewController.swift */; };
		1A12B18E22E66F0000DA77FB /* SongCell.xib in Resources */ = {isa = PBXBuildFile; fileRef = 1A12B18D22E66F0000DA77FB /* SongCell.xib */; };
		1A12B19022E6737700DA77FB /* SongCellViewController.swift in Sources */ = {isa = PBXBuildFile; fileRef = 1A12B18F22E6737700DA77FB /* SongCellViewController.swift */; };
		1A12B19222E6B05500DA77FB /* TrackModel.swift in Sources */ = {isa = PBXBuildFile; fileRef = 1A12B19122E6B05500DA77FB /* TrackModel.swift */; };
		1AFDAE4B22E771F900F4A872 /* Settings.swift in Sources */ = {isa = PBXBuildFile; fileRef = 1AFDAE4A22E771F900F4A872 /* Settings.swift */; };
		1AFDAE4D22E7724A00F4A872 /* ApiRest.swift in Sources */ = {isa = PBXBuildFile; fileRef = 1AFDAE4C22E7724A00F4A872 /* ApiRest.swift */; };
		1AFDAE4F22E7747900F4A872 /* ResultTask.swift in Sources */ = {isa = PBXBuildFile; fileRef = 1AFDAE4E22E7747900F4A872 /* ResultTask.swift */; };
		1AFDAE5322E7759900F4A872 /* GlobalServices.swift in Sources */ = {isa = PBXBuildFile; fileRef = 1AFDAE5222E7759900F4A872 /* GlobalServices.swift */; };
		1AFDAE5622E776E500F4A872 /* MusicServices.swift in Sources */ = {isa = PBXBuildFile; fileRef = 1AFDAE5522E776E500F4A872 /* MusicServices.swift */; };
		1AFDAE5822E7878200F4A872 /* PagedList.swift in Sources */ = {isa = PBXBuildFile; fileRef = 1AFDAE5722E7878200F4A872 /* PagedList.swift */; };
		1AFDAE5A22E78F3600F4A872 /* URLExtension.swift in Sources */ = {isa = PBXBuildFile; fileRef = 1AFDAE5922E78F3600F4A872 /* URLExtension.swift */; };
/* End PBXBuildFile section */

/* Begin PBXFileReference section */
		1A12B16D22E641F300DA77FB /* songFinderApp.app */ = {isa = PBXFileReference; explicitFileType = wrapper.application; includeInIndex = 0; path = songFinderApp.app; sourceTree = BUILT_PRODUCTS_DIR; };
		1A12B17022E641F300DA77FB /* AppDelegate.swift */ = {isa = PBXFileReference; lastKnownFileType = sourcecode.swift; path = AppDelegate.swift; sourceTree = "<group>"; };
		1A12B17222E641F300DA77FB /* ViewController.swift */ = {isa = PBXFileReference; lastKnownFileType = sourcecode.swift; path = ViewController.swift; sourceTree = "<group>"; };
		1A12B17522E641F300DA77FB /* Base */ = {isa = PBXFileReference; lastKnownFileType = file.storyboard; name = Base; path = Base.lproj/Main.storyboard; sourceTree = "<group>"; };
		1A12B17722E641F400DA77FB /* Assets.xcassets */ = {isa = PBXFileReference; lastKnownFileType = folder.assetcatalog; path = Assets.xcassets; sourceTree = "<group>"; };
		1A12B17A22E641F400DA77FB /* Base */ = {isa = PBXFileReference; lastKnownFileType = file.storyboard; name = Base; path = Base.lproj/LaunchScreen.storyboard; sourceTree = "<group>"; };
		1A12B17C22E641F400DA77FB /* Info.plist */ = {isa = PBXFileReference; lastKnownFileType = text.plist.xml; path = Info.plist; sourceTree = "<group>"; };
		1A12B18822E6444E00DA77FB /* SongFinder.storyboard */ = {isa = PBXFileReference; lastKnownFileType = file.storyboard; path = SongFinder.storyboard; sourceTree = "<group>"; };
		1A12B18A22E646AE00DA77FB /* SongFinderViewController.swift */ = {isa = PBXFileReference; lastKnownFileType = sourcecode.swift; path = SongFinderViewController.swift; sourceTree = "<group>"; };
		1A12B18D22E66F0000DA77FB /* SongCell.xib */ = {isa = PBXFileReference; lastKnownFileType = file.xib; path = SongCell.xib; sourceTree = "<group>"; };
		1A12B18F22E6737700DA77FB /* SongCellViewController.swift */ = {isa = PBXFileReference; lastKnownFileType = sourcecode.swift; path = SongCellViewController.swift; sourceTree = "<group>"; };
		1A12B19122E6B05500DA77FB /* TrackModel.swift */ = {isa = PBXFileReference; lastKnownFileType = sourcecode.swift; path = TrackModel.swift; sourceTree = "<group>"; };
		1AFDAE4A22E771F900F4A872 /* Settings.swift */ = {isa = PBXFileReference; lastKnownFileType = sourcecode.swift; path = Settings.swift; sourceTree = "<group>"; };
		1AFDAE4C22E7724A00F4A872 /* ApiRest.swift */ = {isa = PBXFileReference; lastKnownFileType = sourcecode.swift; path = ApiRest.swift; sourceTree = "<group>"; };
		1AFDAE4E22E7747900F4A872 /* ResultTask.swift */ = {isa = PBXFileReference; lastKnownFileType = sourcecode.swift; path = ResultTask.swift; sourceTree = "<group>"; };
		1AFDAE5222E7759900F4A872 /* GlobalServices.swift */ = {isa = PBXFileReference; lastKnownFileType = sourcecode.swift; path = GlobalServices.swift; sourceTree = "<group>"; };
		1AFDAE5522E776E500F4A872 /* MusicServices.swift */ = {isa = PBXFileReference; lastKnownFileType = sourcecode.swift; path = MusicServices.swift; sourceTree = "<group>"; };
		1AFDAE5722E7878200F4A872 /* PagedList.swift */ = {isa = PBXFileReference; lastKnownFileType = sourcecode.swift; path = PagedList.swift; sourceTree = "<group>"; };
		1AFDAE5922E78F3600F4A872 /* URLExtension.swift */ = {isa = PBXFileReference; lastKnownFileType = sourcecode.swift; path = URLExtension.swift; sourceTree = "<group>"; };
/* End PBXFileReference section */

/* Begin PBXFrameworksBuildPhase section */
		1A12B16A22E641F300DA77FB /* Frameworks */ = {
			isa = PBXFrameworksBuildPhase;
			buildActionMask = 2147483647;
			files = (
			);
			runOnlyForDeploymentPostprocessing = 0;
		};
/* End PBXFrameworksBuildPhase section */

/* Begin PBXGroup section */
		1A12B16422E641F200DA77FB = {
			isa = PBXGroup;
			children = (
				1A12B16F22E641F300DA77FB /* songFinderApp */,
				1A12B16E22E641F300DA77FB /* Products */,
			);
			sourceTree = "<group>";
		};
		1A12B16E22E641F300DA77FB /* Products */ = {
			isa = PBXGroup;
			children = (
				1A12B16D22E641F300DA77FB /* songFinderApp.app */,
			);
			name = Products;
			sourceTree = "<group>";
		};
		1A12B16F22E641F300DA77FB /* songFinderApp */ = {
			isa = PBXGroup;
			children = (
				1AFDAE4922E771A300F4A872 /* Networking */,
				1A12B18422E6428700DA77FB /* Models */,
				1A12B18322E6427F00DA77FB /* Controllers */,
				1A12B18222E6427900DA77FB /* Views */,
				1A12B17022E641F300DA77FB /* AppDelegate.swift */,
				1A12B17222E641F300DA77FB /* ViewController.swift */,
				1A12B17422E641F300DA77FB /* Main.storyboard */,
				1A12B17722E641F400DA77FB /* Assets.xcassets */,
				1A12B17922E641F400DA77FB /* LaunchScreen.storyboard */,
				1A12B17C22E641F400DA77FB /* Info.plist */,
			);
			path = songFinderApp;
			sourceTree = "<group>";
		};
		1A12B18222E6427900DA77FB /* Views */ = {
			isa = PBXGroup;
			children = (
				1A12B18C22E66EC700DA77FB /* SongCell */,
				1A12B18822E6444E00DA77FB /* SongFinder.storyboard */,
			);
			path = Views;
			sourceTree = "<group>";
		};
		1A12B18322E6427F00DA77FB /* Controllers */ = {
			isa = PBXGroup;
			children = (
				1A12B18A22E646AE00DA77FB /* SongFinderViewController.swift */,
			);
			path = Controllers;
			sourceTree = "<group>";
		};
		1A12B18422E6428700DA77FB /* Models */ = {
			isa = PBXGroup;
			children = (
				1A12B19122E6B05500DA77FB /* TrackModel.swift */,
				1AFDAE5722E7878200F4A872 /* PagedList.swift */,
			);
			path = Models;
			sourceTree = "<group>";
		};
		1A12B18522E642BB00DA77FB /* Core */ = {
			isa = PBXGroup;
			children = (
				1AFDAE4A22E771F900F4A872 /* Settings.swift */,
				1AFDAE4C22E7724A00F4A872 /* ApiRest.swift */,
				1AFDAE4E22E7747900F4A872 /* ResultTask.swift */,
			);
			path = Core;
			sourceTree = "<group>";
		};
		1A12B18C22E66EC700DA77FB /* SongCell */ = {
			isa = PBXGroup;
			children = (
				1A12B18D22E66F0000DA77FB /* SongCell.xib */,
				1A12B18F22E6737700DA77FB /* SongCellViewController.swift */,
			);
			path = SongCell;
			sourceTree = "<group>";
		};
		1AFDAE4922E771A300F4A872 /* Networking */ = {
			isa = PBXGroup;
			children = (
				1AFDAE5422E776D000F4A872 /* MusicServices */,
				1AFDAE5122E7752100F4A872 /* GlobalServices */,
				1A12B18522E642BB00DA77FB /* Core */,
				1AFDAE5922E78F3600F4A872 /* URLExtension.swift */,
			);
			path = Networking;
			sourceTree = "<group>";
		};
		1AFDAE5122E7752100F4A872 /* GlobalServices */ = {
			isa = PBXGroup;
			children = (
				1AFDAE5222E7759900F4A872 /* GlobalServices.swift */,
			);
			path = GlobalServices;
			sourceTree = "<group>";
		};
		1AFDAE5422E776D000F4A872 /* MusicServices */ = {
			isa = PBXGroup;
			children = (
				1AFDAE5522E776E500F4A872 /* MusicServices.swift */,
			);
			path = MusicServices;
			sourceTree = "<group>";
		};
/* End PBXGroup section */

/* Begin PBXNativeTarget section */
		1A12B16C22E641F300DA77FB /* songFinderApp */ = {
			isa = PBXNativeTarget;
			buildConfigurationList = 1A12B17F22E641F400DA77FB /* Build configuration list for PBXNativeTarget "songFinderApp" */;
			buildPhases = (
				1A12B16922E641F300DA77FB /* Sources */,
				1A12B16A22E641F300DA77FB /* Frameworks */,
				1A12B16B22E641F300DA77FB /* Resources */,
			);
			buildRules = (
			);
			dependencies = (
			);
			name = songFinderApp;
			productName = songFinderApp;
			productReference = 1A12B16D22E641F300DA77FB /* songFinderApp.app */;
			productType = "com.apple.product-type.application";
		};
/* End PBXNativeTarget section */

/* Begin PBXProject section */
		1A12B16522E641F200DA77FB /* Project object */ = {
			isa = PBXProject;
			attributes = {
				LastSwiftUpdateCheck = 1020;
				LastUpgradeCheck = 1020;
				ORGANIZATIONNAME = "Nebraska Melendez";
				TargetAttributes = {
					1A12B16C22E641F300DA77FB = {
						CreatedOnToolsVersion = 10.2.1;
					};
				};
			};
			buildConfigurationList = 1A12B16822E641F200DA77FB /* Build configuration list for PBXProject "songFinderApp" */;
			compatibilityVersion = "Xcode 9.3";
			developmentRegion = en;
			hasScannedForEncodings = 0;
			knownRegions = (
				en,
				Base,
			);
			mainGroup = 1A12B16422E641F200DA77FB;
			productRefGroup = 1A12B16E22E641F300DA77FB /* Products */;
			projectDirPath = "";
			projectRoot = "";
			targets = (
				1A12B16C22E641F300DA77FB /* songFinderApp */,
			);
		};
/* End PBXProject section */

/* Begin PBXResourcesBuildPhase section */
		1A12B16B22E641F300DA77FB /* Resources */ = {
			isa = PBXResourcesBuildPhase;
			buildActionMask = 2147483647;
			files = (
				1A12B17B22E641F400DA77FB /* LaunchScreen.storyboard in Resources */,
				1A12B18E22E66F0000DA77FB /* SongCell.xib in Resources */,
				1A12B17822E641F400DA77FB /* Assets.xcassets in Resources */,
				1A12B17622E641F300DA77FB /* Main.storyboard in Resources */,
				1A12B18922E6444E00DA77FB /* SongFinder.storyboard in Resources */,
			);
			runOnlyForDeploymentPostprocessing = 0;
		};
/* End PBXResourcesBuildPhase section */

/* Begin PBXSourcesBuildPhase section */
		1A12B16922E641F300DA77FB /* Sources */ = {
			isa = PBXSourcesBuildPhase;
			buildActionMask = 2147483647;
			files = (
				1AFDAE4B22E771F900F4A872 /* Settings.swift in Sources */,
				1AFDAE5822E7878200F4A872 /* PagedList.swift in Sources */,
				1A12B18B22E646AE00DA77FB /* SongFinderViewController.swift in Sources */,
				1AFDAE4D22E7724A00F4A872 /* ApiRest.swift in Sources */,
				1A12B19222E6B05500DA77FB /* TrackModel.swift in Sources */,
				1AFDAE5A22E78F3600F4A872 /* URLExtension.swift in Sources */,
				1A12B19022E6737700DA77FB /* SongCellViewController.swift in Sources */,
				1AFDAE5622E776E500F4A872 /* MusicServices.swift in Sources */,
				1AFDAE5322E7759900F4A872 /* GlobalServices.swift in Sources */,
				1AFDAE4F22E7747900F4A872 /* ResultTask.swift in Sources */,
				1A12B17322E641F300DA77FB /* ViewController.swift in Sources */,
				1A12B17122E641F300DA77FB /* AppDelegate.swift in Sources */,
			);
			runOnlyForDeploymentPostprocessing = 0;
		};
/* End PBXSourcesBuildPhase section */

/* Begin PBXVariantGroup section */
		1A12B17422E641F300DA77FB /* Main.storyboard */ = {
			isa = PBXVariantGroup;
			children = (
				1A12B17522E641F300DA77FB /* Base */,
			);
			name = Main.storyboard;
			sourceTree = "<group>";
		};
		1A12B17922E641F400DA77FB /* LaunchScreen.storyboard */ = {
			isa = PBXVariantGroup;
			children = (
				1A12B17A22E641F400DA77FB /* Base */,
			);
			name = LaunchScreen.storyboard;
			sourceTree = "<group>";
		};
/* End PBXVariantGroup section */

/* Begin XCBuildConfiguration section */
		1A12B17D22E641F400DA77FB /* Debug */ = {
			isa = XCBuildConfiguration;
			buildSettings = {
				ALWAYS_SEARCH_USER_PATHS = NO;
				CLANG_ANALYZER_NONNULL = YES;
				CLANG_ANALYZER_NUMBER_OBJECT_CONVERSION = YES_AGGRESSIVE;
				CLANG_CXX_LANGUAGE_STANDARD = "gnu++14";
				CLANG_CXX_LIBRARY = "libc++";
				CLANG_ENABLE_MODULES = YES;
				CLANG_ENABLE_OBJC_ARC = YES;
				CLANG_ENABLE_OBJC_WEAK = YES;
				CLANG_WARN_BLOCK_CAPTURE_AUTORELEASING = YES;
				CLANG_WARN_BOOL_CONVERSION = YES;
				CLANG_WARN_COMMA = YES;
				CLANG_WARN_CONSTANT_CONVERSION = YES;
				CLANG_WARN_DEPRECATED_OBJC_IMPLEMENTATIONS = YES;
				CLANG_WARN_DIRECT_OBJC_ISA_USAGE = YES_ERROR;
				CLANG_WARN_DOCUMENTATION_COMMENTS = YES;
				CLANG_WARN_EMPTY_BODY = YES;
				CLANG_WARN_ENUM_CONVERSION = YES;
				CLANG_WARN_INFINITE_RECURSION = YES;
				CLANG_WARN_INT_CONVERSION = YES;
				CLANG_WARN_NON_LITERAL_NULL_CONVERSION = YES;
				CLANG_WARN_OBJC_IMPLICIT_RETAIN_SELF = YES;
				CLANG_WARN_OBJC_LITERAL_CONVERSION = YES;
				CLANG_WARN_OBJC_ROOT_CLASS = YES_ERROR;
				CLANG_WARN_RANGE_LOOP_ANALYSIS = YES;
				CLANG_WARN_STRICT_PROTOTYPES = YES;
				CLANG_WARN_SUSPICIOUS_MOVE = YES;
				CLANG_WARN_UNGUARDED_AVAILABILITY = YES_AGGRESSIVE;
				CLANG_WARN_UNREACHABLE_CODE = YES;
				CLANG_WARN__DUPLICATE_METHOD_MATCH = YES;
				CODE_SIGN_IDENTITY = "iPhone Developer";
				COPY_PHASE_STRIP = NO;
				DEBUG_INFORMATION_FORMAT = dwarf;
				ENABLE_STRICT_OBJC_MSGSEND = YES;
				ENABLE_TESTABILITY = YES;
				GCC_C_LANGUAGE_STANDARD = gnu11;
				GCC_DYNAMIC_NO_PIC = NO;
				GCC_NO_COMMON_BLOCKS = YES;
				GCC_OPTIMIZATION_LEVEL = 0;
				GCC_PREPROCESSOR_DEFINITIONS = (
					"DEBUG=1",
					"$(inherited)",
				);
				GCC_WARN_64_TO_32_BIT_CONVERSION = YES;
				GCC_WARN_ABOUT_RETURN_TYPE = YES_ERROR;
				GCC_WARN_UNDECLARED_SELECTOR = YES;
				GCC_WARN_UNINITIALIZED_AUTOS = YES_AGGRESSIVE;
				GCC_WARN_UNUSED_FUNCTION = YES;
				GCC_WARN_UNUSED_VARIABLE = YES;
				IPHONEOS_DEPLOYMENT_TARGET = 12.2;
				MTL_ENABLE_DEBUG_INFO = INCLUDE_SOURCE;
				MTL_FAST_MATH = YES;
				ONLY_ACTIVE_ARCH = YES;
				SDKROOT = iphoneos;
				SWIFT_ACTIVE_COMPILATION_CONDITIONS = DEBUG;
				SWIFT_OPTIMIZATION_LEVEL = "-Onone";
			};
			name = Debug;
		};
		1A12B17E22E641F400DA77FB /* Release */ = {
			isa = XCBuildConfiguration;
			buildSettings = {
				ALWAYS_SEARCH_USER_PATHS = NO;
				CLANG_ANALYZER_NONNULL = YES;
				CLANG_ANALYZER_NUMBER_OBJECT_CONVERSION = YES_AGGRESSIVE;
				CLANG_CXX_LANGUAGE_STANDARD = "gnu++14";
				CLANG_CXX_LIBRARY = "libc++";
				CLANG_ENABLE_MODULES = YES;
				CLANG_ENABLE_OBJC_ARC = YES;
				CLANG_ENABLE_OBJC_WEAK = YES;
				CLANG_WARN_BLOCK_CAPTURE_AUTORELEASING = YES;
				CLANG_WARN_BOOL_CONVERSION = YES;
				CLANG_WARN_COMMA = YES;
				CLANG_WARN_CONSTANT_CONVERSION = YES;
				CLANG_WARN_DEPRECATED_OBJC_IMPLEMENTATIONS = YES;
				CLANG_WARN_DIRECT_OBJC_ISA_USAGE = YES_ERROR;
				CLANG_WARN_DOCUMENTATION_COMMENTS = YES;
				CLANG_WARN_EMPTY_BODY = YES;
				CLANG_WARN_ENUM_CONVERSION = YES;
				CLANG_WARN_INFINITE_RECURSION = YES;
				CLANG_WARN_INT_CONVERSION = YES;
				CLANG_WARN_NON_LITERAL_NULL_CONVERSION = YES;
				CLANG_WARN_OBJC_IMPLICIT_RETAIN_SELF = YES;
				CLANG_WARN_OBJC_LITERAL_CONVERSION = YES;
				CLANG_WARN_OBJC_ROOT_CLASS = YES_ERROR;
				CLANG_WARN_RANGE_LOOP_ANALYSIS = YES;
				CLANG_WARN_STRICT_PROTOTYPES = YES;
				CLANG_WARN_SUSPICIOUS_MOVE = YES;
				CLANG_WARN_UNGUARDED_AVAILABILITY = YES_AGGRESSIVE;
				CLANG_WARN_UNREACHABLE_CODE = YES;
				CLANG_WARN__DUPLICATE_METHOD_MATCH = YES;
				CODE_SIGN_IDENTITY = "iPhone Developer";
				COPY_PHASE_STRIP = NO;
				DEBUG_INFORMATION_FORMAT = "dwarf-with-dsym";
				ENABLE_NS_ASSERTIONS = NO;
				ENABLE_STRICT_OBJC_MSGSEND = YES;
				GCC_C_LANGUAGE_STANDARD = gnu11;
				GCC_NO_COMMON_BLOCKS = YES;
				GCC_WARN_64_TO_32_BIT_CONVERSION = YES;
				GCC_WARN_ABOUT_RETURN_TYPE = YES_ERROR;
				GCC_WARN_UNDECLARED_SELECTOR = YES;
				GCC_WARN_UNINITIALIZED_AUTOS = YES_AGGRESSIVE;
				GCC_WARN_UNUSED_FUNCTION = YES;
				GCC_WARN_UNUSED_VARIABLE = YES;
				IPHONEOS_DEPLOYMENT_TARGET = 12.2;
				MTL_ENABLE_DEBUG_INFO = NO;
				MTL_FAST_MATH = YES;
				SDKROOT = iphoneos;
				SWIFT_COMPILATION_MODE = wholemodule;
				SWIFT_OPTIMIZATION_LEVEL = "-O";
				VALIDATE_PRODUCT = YES;
			};
			name = Release;
		};
		1A12B18022E641F400DA77FB /* Debug */ = {
			isa = XCBuildConfiguration;
			buildSettings = {
				ASSETCATALOG_COMPILER_APPICON_NAME = AppIcon;
				CODE_SIGN_STYLE = Automatic;
				INFOPLIST_FILE = songFinderApp/Info.plist;
				LD_RUNPATH_SEARCH_PATHS = (
					"$(inherited)",
					"@executable_path/Frameworks",
				);
				PRODUCT_BUNDLE_IDENTIFIER = com.nebraskaM.songFinderApp;
				PRODUCT_NAME = "$(TARGET_NAME)";
				SWIFT_VERSION = 5.0;
				TARGETED_DEVICE_FAMILY = "1,2";
			};
			name = Debug;
		};
		1A12B18122E641F400DA77FB /* Release */ = {
			isa = XCBuildConfiguration;
			buildSettings = {
				ASSETCATALOG_COMPILER_APPICON_NAME = AppIcon;
				CODE_SIGN_STYLE = Automatic;
				INFOPLIST_FILE = songFinderApp/Info.plist;
				LD_RUNPATH_SEARCH_PATHS = (
					"$(inherited)",
					"@executable_path/Frameworks",
				);
				PRODUCT_BUNDLE_IDENTIFIER = com.nebraskaM.songFinderApp;
				PRODUCT_NAME = "$(TARGET_NAME)";
				SWIFT_VERSION = 5.0;
				TARGETED_DEVICE_FAMILY = "1,2";
			};
			name = Release;
		};
/* End XCBuildConfiguration section */

/* Begin XCConfigurationList section */
		1A12B16822E641F200DA77FB /* Build configuration list for PBXProject "songFinderApp" */ = {
			isa = XCConfigurationList;
			buildConfigurations = (
				1A12B17D22E641F400DA77FB /* Debug */,
				1A12B17E22E641F400DA77FB /* Release */,
			);
			defaultConfigurationIsVisible = 0;
			defaultConfigurationName = Release;
		};
		1A12B17F22E641F400DA77FB /* Build configuration list for PBXNativeTarget "songFinderApp" */ = {
			isa = XCConfigurationList;
			buildConfigurations = (
				1A12B18022E641F400DA77FB /* Debug */,
				1A12B18122E641F400DA77FB /* Release */,
			);
			defaultConfigurationIsVisible = 0;
			defaultConfigurationName = Release;
		};
/* End XCConfigurationList section */
	};
	rootObject = 1A12B16522E641F200DA77FB /* Project object */;
}
